
Microsoft Visual Studio Solution File, Format Version 12.00
# Visual Studio Version 17
VisualStudioVersion = 17.0.32014.148
MinimumVisualStudioVersion = 10.0.40219.1
Project("{9A19103F-16F7-4668-BE54-9A1E7A4F7556}") = "CleanArqMvc.Domain", "CleanArqMvc.Domain\CleanArqMvc.Domain.csproj", "{D9A281C5-5371-49CD-A9A6-EA16CEE37A4F}"
EndProject
Project("{9A19103F-16F7-4668-BE54-9A1E7A4F7556}") = "CleanArqMvc.Application", "CleanArqMvc.Application\CleanArqMvc.Application.csproj", "{71ED57A5-82D2-4F63-8BFB-53C82CECDAEB}"
EndProject
Project("{9A19103F-16F7-4668-BE54-9A1E7A4F7556}") = "CleanArqMvc.Infra.Data", "CleanArqMvc.Infra.Data\CleanArqMvc.Infra.Data.csproj", "{FC82E751-9865-4EFF-A4F2-ECBDE42F74F6}"
EndProject
Project("{9A19103F-16F7-4668-BE54-9A1E7A4F7556}") = "CleanArqMvc.Infra.IoC", "CleanArqMvc.Infra.IoC\CleanArqMvc.Infra.IoC.csproj", "{E1F7D6DB-D65D-4273-8744-357E23806E4F}"
EndProject
Project("{9A19103F-16F7-4668-BE54-9A1E7A4F7556}") = "CleanArqMvc.WebUI", "CleanArqMvc.WebUI\CleanArqMvc.WebUI.csproj", "{CA2A0870-AE67-47BB-96BF-E3C8CC90B6A4}"
EndProject
Project("{FAE04EC0-301F-11D3-BF4B-00C04F79EFBC}") = "CleanArqMvc.Domain.Tests", "CleanArqMvc.Domain.Tests\CleanArqMvc.Domain.Tests.csproj", "{4134EBB4-4ED6-45CE-AC68-68D1998A525E}"
EndProject
Global
	GlobalSection(SolutionConfigurationPlatforms) = preSolution
		Debug|Any CPU = Debug|Any CPU
		Release|Any CPU = Release|Any CPU
	EndGlobalSection
	GlobalSection(ProjectConfigurationPlatforms) = postSolution
		{D9A281C5-5371-49CD-A9A6-EA16CEE37A4F}.Debug|Any CPU.ActiveCfg = Debug|Any CPU
		{D9A281C5-5371-49CD-A9A6-EA16CEE37A4F}.Debug|Any CPU.Build.0 = Debug|Any CPU
		{D9A281C5-5371-49CD-A9A6-EA16CEE37A4F}.Release|Any CPU.ActiveCfg = Release|Any CPU
		{D9A281C5-5371-49CD-A9A6-EA16CEE37A4F}.Release|Any CPU.Build.0 = Release|Any CPU
		{71ED57A5-82D2-4F63-8BFB-53C82CECDAEB}.Debug|Any CPU.ActiveCfg = Debug|Any CPU
		{71ED57A5-82D2-4F63-8BFB-53C82CECDAEB}.Debug|Any CPU.Build.0 = Debug|Any CPU
		{71ED57A5-82D2-4F63-8BFB-53C82CECDAEB}.Release|Any CPU.ActiveCfg = Release|Any CPU
		{71ED57A5-82D2-4F63-8BFB-53C82CECDAEB}.Release|Any CPU.Build.0 = Release|Any CPU
		{FC82E751-9865-4EFF-A4F2-ECBDE42F74F6}.Debug|Any CPU.ActiveCfg = Debug|Any CPU
		{FC82E751-9865-4EFF-A4F2-ECBDE42F74F6}.Debug|Any CPU.Build.0 = Debug|Any CPU
		{FC82E751-9865-4EFF-A4F2-ECBDE42F74F6}.Release|Any CPU.ActiveCfg = Release|Any CPU
		{FC82E751-9865-4EFF-A4F2-ECBDE42F74F6}.Release|Any CPU.Build.0 = Release|Any CPU
		{E1F7D6DB-D65D-4273-8744-357E23806E4F}.Debug|Any CPU.ActiveCfg = Debug|Any CPU
		{E1F7D6DB-D65D-4273-8744-357E23806E4F}.Debug|Any CPU.Build.0 = Debug|Any CPU
		{E1F7D6DB-D65D-4273-8744-357E23806E4F}.Release|Any CPU.ActiveCfg = Release|Any CPU
		{E1F7D6DB-D65D-4273-8744-357E23806E4F}.Release|Any CPU.Build.0 = Release|Any CPU
		{CA2A0870-AE67-47BB-96BF-E3C8CC90B6A4}.Debug|Any CPU.ActiveCfg = Debug|Any CPU
		{CA2A0870-AE67-47BB-96BF-E3C8CC90B6A4}.Debug|Any CPU.Build.0 = Debug|Any CPU
		{CA2A0870-AE67-47BB-96BF-E3C8CC90B6A4}.Release|Any CPU.ActiveCfg = Release|Any CPU
		{CA2A0870-AE67-47BB-96BF-E3C8CC90B6A4}.Release|Any CPU.Build.0 = Release|Any CPU
		{4134EBB4-4ED6-45CE-AC68-68D1998A525E}.Debug|Any CPU.ActiveCfg = Debug|Any CPU
		{4134EBB4-4ED6-45CE-AC68-68D1998A525E}.Debug|Any CPU.Build.0 = Debug|Any CPU
		{4134EBB4-4ED6-45CE-AC68-68D1998A525E}.Release|Any CPU.ActiveCfg = Release|Any CPU
		{4134EBB4-4ED6-45CE-AC68-68D1998A525E}.Release|Any CPU.Build.0 = Release|Any CPU
	EndGlobalSection
	GlobalSection(SolutionProperties) = preSolution
		HideSolutionNode = FALSE
	EndGlobalSection
	GlobalSection(ExtensibilityGlobals) = postSolution
		SolutionGuid = {52DBAB43-AEFD-47DD-BD22-2BA7391EA1E4}
	EndGlobalSection
EndGlobal
